{
  "name": "test",
  "version": "1.0.0",
  "lockfileVersion": 3,
  "requires": true,
  "packages": {
    "": {
      "name": "test",
      "version": "1.0.0",
      "license": "ISC",
      "dependencies": {
        "roboneo-cli": "^1.0.6"
      }
    },
    "node_modules/commander": {
      "version": "14.0.3",
      "resolved": "https://registry.npmjs.org/commander/-/commander-14.0.3.tgz",
      "integrity": "sha512-H+y0Jo/T1RZ9qPP4Eh1pkcQcLRglraJaSLoyOtHxu6AapkjWVCy2Sit1QQ4x3Dng8qDlSsZEet7g5Pq06MvTgw==",
      "license": "MIT",
      "engines": {
        "node": ">=20"
      }
    },
    "node_modules/dotenv": {
      "version": "16.6.1",
      "resolved": "https://registry.npmjs.org/dotenv/-/dotenv-16.6.1.tgz",
      "integrity": "sha512-uBq4egWHTcTt33a72vpSG0z3HnPuIl6NqYcTrKEg2azoEyl2hpW0zqlxysq2pK9HlDIHyHyakeYaYnSAwd8bow==",
      "license": "BSD-2-Clause",
      "engines": {
        "node": ">=12"
      },
      "funding": {
        "url": "https://dotenvx.com"
      }
    },
    "node_modules/roboneo-cli": {
      "version": "1.0.6",
      "resolved": "https://registry.npmjs.org/roboneo-cli/-/roboneo-cli-1.0.6.tgz",
      "integrity": "sha512-t3ef/DMB+ZlufBdmFR379yfkekxQWzbVjPUtnn6WsdfIJZIst1wbRLKhRNzfYbVsNSUeU3Nt5GLclEXPMGz7Nw==",
      "license": "MIT",
      "dependencies": {
        "commander": "^14.0.3",
        "dotenv": "^16.6.1"
      },
      "bin": {
        "roboneo": "bin/roboneo-cli.js"
      },
      "engines": {
        "node": ">=18.0.0"
      }
    }
  }
}
